<?xml version="1.0" encoding="utf-8"?>
<Project ToolsVersion="4.0" xmlns="http://schemas.microsoft.com/developer/msbuild/2003">
  <ItemGroup>
    <ClCompile Include="test.cpp" />
    <ClCompile Include="pch.cpp" />
    <ClCompile Include="..\GameMain\Physics\CollisionSystem.cpp">
      <Filter>Physics</Filter>
    </ClCompile>
    <ClCompile Include="..\GameMain\Physics\MovementSystem.cpp">
      <Filter>Physics</Filter>
    </ClCompile>
    <ClCompile Include="..\GameMain\gameUtility\CameraFunctions.cpp">
      <Filter>Utility</Filter>
    </ClCompile>
    <ClCompile Include="..\GameMain\gameUtility\UtilityFunctions.cpp">
      <Filter>Utility</Filter>
    </ClCompile>
    <ClCompile Include="..\GameMain\gameAI\AIFunctions.cpp">
      <Filter>AI</Filter>
    </ClCompile>
    <ClCompile Include="..\GameMain\gameAI\GridFunctions.cpp">
      <Filter>AI</Filter>
    </ClCompile>
    <ClCompile Include="..\GameMain\gameAI\GridProp.cpp">
      <Filter>AI</Filter>
    </ClCompile>
  </ItemGroup>
  <ItemGroup>
    <ClInclude Include="pch.h" />
    <ClInclude Include="Physics\GroundCollision.h">
      <Filter>Physics</Filter>
    </ClInclude>
    <ClInclude Include="Physics\MovementLogic.h">
      <Filter>Physics</Filter>
    </ClInclude>
    <ClInclude Include="Physics\ObjectCollision.h">
      <Filter>Physics</Filter>
    </ClInclude>
    <ClInclude Include="..\GameMain\Physics\CollisionSystem.h">
      <Filter>Physics</Filter>
    </ClInclude>
    <ClInclude Include="..\GameMain\Physics\MovementSystem.h">
      <Filter>Physics</Filter>
    </ClInclude>
    <ClInclude Include="..\GameMain\Physics\PhysicsComponents.h">
      <Filter>Physics</Filter>
    </ClInclude>
    <ClInclude Include="..\GameMain\Physics\PhysicsEvents.h">
      <Filter>Physics</Filter>
    </ClInclude>
    <ClInclude Include="..\GameMain\gameUtility\CameraComponents.h">
      <Filter>Utility</Filter>
    </ClInclude>
    <ClInclude Include="..\GameMain\gameUtility\CameraEvents.h">
      <Filter>Utility</Filter>
    </ClInclude>
    <ClInclude Include="..\GameMain\gameUtility\CameraFunctions.h">
      <Filter>Utility</Filter>
    </ClInclude>
    <ClInclude Include="..\GameMain\gameUtility\CameraSystems.h">
      <Filter>Utility</Filter>
    </ClInclude>
    <ClInclude Include="..\GameMain\gameUtility\DebugInfo.h">
      <Filter>Utility</Filter>
    </ClInclude>
    <ClInclude Include="..\GameMain\gameUtility\GlobalsCamera.h">
      <Filter>Utility</Filter>
    </ClInclude>
    <ClInclude Include="..\GameMain\gameUtility\UtilityComponents.h">
      <Filter>Utility</Filter>
    </ClInclude>
    <ClInclude Include="..\GameMain\gameUtility\UtilityEvents.h">
      <Filter>Utility</Filter>
    </ClInclude>
    <ClInclude Include="..\GameMain\gameUtility\UtilityFunctions.h">
      <Filter>Utility</Filter>
    </ClInclude>
    <ClInclude Include="..\GameMain\gameUtility\UtilitySystems.h">
      <Filter>Utility</Filter>
    </ClInclude>
    <ClInclude Include="..\GameMain\gameAI\AIComponents.h">
      <Filter>AI</Filter>
    </ClInclude>
    <ClInclude Include="..\GameMain\gameAI\AIEvents.h">
      <Filter>AI</Filter>
    </ClInclude>
    <ClInclude Include="..\GameMain\gameAI\AIFunctions.h">
      <Filter>AI</Filter>
    </ClInclude>
    <ClInclude Include="..\GameMain\gameAI\AISystems.h">
      <Filter>AI</Filter>
    </ClInclude>
    <ClInclude Include="..\GameMain\gameAI\GridFunctions.h">
      <Filter>AI</Filter>
    </ClInclude>
    <ClInclude Include="..\GameMain\gameAI\GridProp.h">
      <Filter>AI</Filter>
    </ClInclude>
    <ClInclude Include="..\GameMain\gameAI\InitArmy.h">
      <Filter>AI</Filter>
    </ClInclude>
    <ClInclude Include="..\GameMain\gameAI\InitGrid.h">
      <Filter>AI</Filter>
    </ClInclude>
  </ItemGroup>
  <ItemGroup>
    <Filter Include="Physics">
      <UniqueIdentifier>{c289c533-cb9b-45b0-abc2-a28e2e2fc071}</UniqueIdentifier>
    </Filter>
    <Filter Include="Utility">
      <UniqueIdentifier>{d96f7afd-16ba-4c20-9f31-1556ae77133f}</UniqueIdentifier>
    </Filter>
    <Filter Include="AI">
      <UniqueIdentifier>{68f9db8b-fa0c-48c8-9771-bc8de85172dc}</UniqueIdentifier>
    </Filter>
  </ItemGroup>
  <ItemGroup>
    <None Include="packages.config" />
  </ItemGroup>
</Project>