<?xml version="1.0" encoding="utf-8"?>
<Project ToolsVersion="4.0" xmlns="http://schemas.microsoft.com/developer/msbuild/2003">
  <ItemGroup>
    <Filter Include="Source Files">
      <UniqueIdentifier>{4FC737F1-C7A5-4376-A066-2A32D752A2FF}</UniqueIdentifier>
      <Extensions>cpp;c;cc;cxx;def;odl;idl;hpj;bat;asm;asmx</Extensions>
    </Filter>
    <Filter Include="Header Files">
      <UniqueIdentifier>{93995380-89BD-4b04-88EB-625FBE52EBFB}</UniqueIdentifier>
      <Extensions>h;hh;hpp;hxx;hm;inl;inc;ipp;xsd</Extensions>
    </Filter>
    <Filter Include="Resource Files">
      <UniqueIdentifier>{67DA6AB6-F800-4c08-8B7A-83BB121AAD01}</UniqueIdentifier>
      <Extensions>rc;ico;cur;bmp;dlg;rc2;rct;bin;rgs;gif;jpg;jpeg;jpe;resx;tiff;tif;png;wav;mfcribbon-ms</Extensions>
    </Filter>
    <Filter Include="Header Files\API">
      <UniqueIdentifier>{bdc4b0e6-02e3-4d2e-9069-ff4091eead4f}</UniqueIdentifier>
    </Filter>
    <Filter Include="Header Files\Allocators">
      <UniqueIdentifier>{657d3710-d27b-4463-9205-43104a343acb}</UniqueIdentifier>
    </Filter>
    <Filter Include="Source Files\Allocators">
      <UniqueIdentifier>{b79be0c4-2371-42ca-ae3d-1c53dcfcff68}</UniqueIdentifier>
    </Filter>
    <Filter Include="Source Files\API">
      <UniqueIdentifier>{988b8950-4623-4094-bf2e-74999cef66dc}</UniqueIdentifier>
    </Filter>
  </ItemGroup>
  <ItemGroup>
    <ClCompile Include="src\main.cpp">
      <Filter>Source Files</Filter>
    </ClCompile>
    <ClCompile Include="src\MemoryAPI.cpp">
      <Filter>Source Files\API</Filter>
    </ClCompile>
    <ClCompile Include="src\LinearAllocator.cpp">
      <Filter>Source Files\Allocators</Filter>
    </ClCompile>
  </ItemGroup>
  <ItemGroup>
    <ClInclude Include="includes\MemoryAPI.h">
      <Filter>Header Files\API</Filter>
    </ClInclude>
    <ClInclude Include="includes\MemoryGlobals.h">
      <Filter>Header Files</Filter>
    </ClInclude>
    <ClInclude Include="includes\Allocator.h">
      <Filter>Header Files\Allocators</Filter>
    </ClInclude>
    <ClInclude Include="includes\LinearAllocator.h">
      <Filter>Header Files\Allocators</Filter>
    </ClInclude>
  </ItemGroup>
</Project>