
Microsoft Visual Studio Solution File, Format Version 12.00
# Visual Studio Version 16
VisualStudioVersion = 16.0.29230.47
MinimumVisualStudioVersion = 10.0.40219.1
Project("{8BC9CEB8-8B4A-11D0-8D11-00A0C91BC942}") = "plainECS", "plainECS\plainECS.vcxproj", "{2E51E444-4C20-4F41-83CB-8FC3AC9DFE89}"
EndProject
Project("{8BC9CEB8-8B4A-11D0-8D11-00A0C91BC942}") = "plainECS_test", "plainECS_test\plainECS_test.vcxproj", "{5F694220-2B7A-44C6-BFE4-8DABA6DF1C4D}"
EndProject
Global
	GlobalSection(SolutionConfigurationPlatforms) = preSolution
		Debug|x64 = Debug|x64
		Debug|x86 = Debug|x86
		Lib_d|x64 = Lib_d|x64
		Lib_d|x86 = Lib_d|x86
		Lib|x64 = Lib|x64
		Lib|x86 = Lib|x86
		Release|x64 = Release|x64
		Release|x86 = Release|x86
	EndGlobalSection
	GlobalSection(ProjectConfigurationPlatforms) = postSolution
		{2E51E444-4C20-4F41-83CB-8FC3AC9DFE89}.Debug|x64.ActiveCfg = Debug|x64
		{2E51E444-4C20-4F41-83CB-8FC3AC9DFE89}.Debug|x64.Build.0 = Debug|x64
		{2E51E444-4C20-4F41-83CB-8FC3AC9DFE89}.Debug|x86.ActiveCfg = Debug|x64
		{2E51E444-4C20-4F41-83CB-8FC3AC9DFE89}.Lib_d|x64.ActiveCfg = Debug|x64
		{2E51E444-4C20-4F41-83CB-8FC3AC9DFE89}.Lib_d|x64.Build.0 = Debug|x64
		{2E51E444-4C20-4F41-83CB-8FC3AC9DFE89}.Lib_d|x86.ActiveCfg = Lib_d|x64
		{2E51E444-4C20-4F41-83CB-8FC3AC9DFE89}.Lib|x64.ActiveCfg = Debug|x64
		{2E51E444-4C20-4F41-83CB-8FC3AC9DFE89}.Lib|x64.Build.0 = Debug|x64
		{2E51E444-4C20-4F41-83CB-8FC3AC9DFE89}.Lib|x86.ActiveCfg = Lib|x64
		{2E51E444-4C20-4F41-83CB-8FC3AC9DFE89}.Release|x64.ActiveCfg = Debug|x64
		{2E51E444-4C20-4F41-83CB-8FC3AC9DFE89}.Release|x64.Build.0 = Debug|x64
		{2E51E444-4C20-4F41-83CB-8FC3AC9DFE89}.Release|x86.ActiveCfg = Release|x64
		{5F694220-2B7A-44C6-BFE4-8DABA6DF1C4D}.Debug|x64.ActiveCfg = Debug|x64
		{5F694220-2B7A-44C6-BFE4-8DABA6DF1C4D}.Debug|x86.ActiveCfg = Debug|Win32
		{5F694220-2B7A-44C6-BFE4-8DABA6DF1C4D}.Debug|x86.Build.0 = Debug|Win32
		{5F694220-2B7A-44C6-BFE4-8DABA6DF1C4D}.Lib_d|x64.ActiveCfg = Debug|x64
		{5F694220-2B7A-44C6-BFE4-8DABA6DF1C4D}.Lib_d|x64.Build.0 = Release|x64
		{5F694220-2B7A-44C6-BFE4-8DABA6DF1C4D}.Lib_d|x86.ActiveCfg = Release|Win32
		{5F694220-2B7A-44C6-BFE4-8DABA6DF1C4D}.Lib_d|x86.Build.0 = Release|Win32
		{5F694220-2B7A-44C6-BFE4-8DABA6DF1C4D}.Lib|x64.ActiveCfg = Debug|x64
		{5F694220-2B7A-44C6-BFE4-8DABA6DF1C4D}.Lib|x64.Build.0 = Release|x64
		{5F694220-2B7A-44C6-BFE4-8DABA6DF1C4D}.Lib|x86.ActiveCfg = Release|Win32
		{5F694220-2B7A-44C6-BFE4-8DABA6DF1C4D}.Lib|x86.Build.0 = Release|Win32
		{5F694220-2B7A-44C6-BFE4-8DABA6DF1C4D}.Release|x64.ActiveCfg = Debug|x64
		{5F694220-2B7A-44C6-BFE4-8DABA6DF1C4D}.Release|x86.ActiveCfg = Release|Win32
		{5F694220-2B7A-44C6-BFE4-8DABA6DF1C4D}.Release|x86.Build.0 = Release|Win32
	EndGlobalSection
	GlobalSection(SolutionProperties) = preSolution
		HideSolutionNode = FALSE
	EndGlobalSection
	GlobalSection(ExtensibilityGlobals) = postSolution
		SolutionGuid = {23FAEC85-B47D-495A-B42A-18B52A707A54}
	EndGlobalSection
EndGlobal
