<?xml version="1.0" encoding="utf-8"?>
<Project ToolsVersion="4.0" xmlns="http://schemas.microsoft.com/developer/msbuild/2003">
  <ItemGroup>
    <Filter Include="Source Files">
      <UniqueIdentifier>{4FC737F1-C7A5-4376-A066-2A32D752A2FF}</UniqueIdentifier>
      <Extensions>cpp;c;cc;cxx;def;odl;idl;hpj;bat;asm;asmx</Extensions>
    </Filter>
    <Filter Include="Header Files">
      <UniqueIdentifier>{93995380-89BD-4b04-88EB-625FBE52EBFB}</UniqueIdentifier>
      <Extensions>h;hh;hpp;hxx;hm;inl;inc;ipp;xsd</Extensions>
    </Filter>
    <Filter Include="Resource Files">
      <UniqueIdentifier>{67DA6AB6-F800-4c08-8B7A-83BB121AAD01}</UniqueIdentifier>
      <Extensions>rc;ico;cur;bmp;dlg;rc2;rct;bin;rgs;gif;jpg;jpeg;jpe;resx;tiff;tif;png;wav;mfcribbon-ms</Extensions>
    </Filter>
    <Filter Include="Physics">
      <UniqueIdentifier>{508a280b-b0e2-4ce2-b5e1-02ad514e4b22}</UniqueIdentifier>
    </Filter>
    <Filter Include="UI">
      <UniqueIdentifier>{a0defad7-089d-4459-a875-ec9517fa2aec}</UniqueIdentifier>
    </Filter>
    <ClCompile Include="gameAI\AIFunctions.cpp" />
    <ClCompile Include="gameAI\GridFunctions.cpp" />
    <ClCompile Include="gameAI\GridProp.cpp" />
    <ClCompile Include="gameUtility\CameraFunctions.cpp" />
    <ClCompile Include="main.cpp" />
    <ClCompile Include="Physics\CollisionSystem.cpp" />
    <ClCompile Include="Physics\MovementSystem.cpp" />
    <ClCompile Include="gameUtility\UtilityFunctions.cpp" />
    <ClCompile Include="Input\InterpretWebSystems.cpp" />
  </ItemGroup>
  <ItemGroup>
    <ClCompile Include="main.cpp">
      <Filter>Source Files</Filter>
    </ClCompile>
    <ClCompile Include="gameAI\AIFunctions.cpp">
      <Filter>Resource Files</Filter>
    </ClCompile>
    <ClCompile Include="gameAI\GridFunctions.cpp">
      <Filter>Resource Files</Filter>
    </ClCompile>
    <ClCompile Include="gameAI\GridProp.cpp">
      <Filter>Resource Files</Filter>
    </ClCompile>
    <ClCompile Include="UI\UISystems.cpp">
      <Filter>UI</Filter>
    </ClCompile>
    <ClCompile Include="gameUtility\CameraFunctions.cpp">
      <Filter>Resource Files</Filter>
    </ClCompile>
  </ItemGroup>
  <ItemGroup>
    <ClInclude Include="Input\InitInputComponents.h">
      <Filter>Header Files</Filter>
    </ClInclude>
    <ClInclude Include="Input\InitInput.h">
      <Filter>Header Files</Filter>
    </ClInclude>
    <ClInclude Include="Input\InitInputSystems.h">
      <Filter>Header Files</Filter>
    </ClInclude>
    <ClInclude Include="Input\InitInputBackendComponent.h">
      <Filter>Header Files</Filter>
    </ClInclude>
    <ClInclude Include="UI\UIComponents.h">
      <Filter>UI</Filter>
    </ClInclude>
    <ClInclude Include="UI\UIEvents.h">
      <Filter>UI</Filter>
    </ClInclude>
    <ClInclude Include="UI\UISystems.h">
      <Filter>UI</Filter>
    </ClInclude>
    <ClInclude Include="Physics\CollisionSystem.h">
      <Filter>Physics</Filter>
    </ClInclude>
    <ClInclude Include="Physics\MovementSystem.h">
      <Filter>Physics</Filter>
    </ClInclude>
    <ClInclude Include="Physics\PhysicsComponents.h">
      <Filter>Physics</Filter>
    </ClInclude>
    <ClInclude Include="Physics\PhysicsEvents.h">
      <Filter>Physics</Filter>
    </ClInclude>
    <ClInclude Include="InitInput.h">
      <Filter>Header Files</Filter>
    </ClInclude>
    <ClInclude Include="UI\InitUI.h">
      <Filter>UI</Filter>
    </ClInclude>
    <ClInclude Include="gameAI\AIComponents.h" />
    <ClInclude Include="gameAI\AIEvents.h" />
    <ClInclude Include="gameAI\AIFunctions.h" />
    <ClInclude Include="gameAI\AIGlobals.h" />
    <ClInclude Include="gameAI\AISystems.h" />
    <ClInclude Include="gameAI\GridFunctions.h" />
    <ClInclude Include="gameAI\GridProp.h" />
    <ClInclude Include="gameAI\InitArmy.h" />
    <ClInclude Include="gameAI\InitGrid.h" />
    <ClInclude Include="gameRendering\InitMesh.h" />
    <ClInclude Include="gameRendering\PlaceMesh.h" />
    <ClInclude Include="gameUtility\CameraComponents.h" />
    <ClInclude Include="gameUtility\CameraEvents.h" />
    <ClInclude Include="gameUtility\CameraFunctions.h" />
    <ClInclude Include="gameUtility\CameraSystems.h" />
    <ClInclude Include="gameUtility\DebugInfo.h" />
    <ClInclude Include="gameUtility\GlobalsCamera.h" />
    <ClInclude Include="gameUtility\UtilityComponents.h" />
    <ClInclude Include="gameUtility\UtilityEvents.h" />
    <ClInclude Include="gameUtility\UtilityFunctions.h" />
    <ClInclude Include="gameUtility\UtilitySystems.h" />
    <ClInclude Include="Input\InitInterpreter.h" />
    <ClInclude Include="Input\InterpretWebEvents.h" />
    <ClInclude Include="Input\InterpretWebSystems.h" />
    <ClInclude Include="Physics\CollisionSystem.h" />
    <ClInclude Include="Physics\MovementSystem.h" />
    <ClInclude Include="Physics\PhysicsComponents.h" />
    <ClInclude Include="Physics\PhysicsEvents.h" />
    <ClInclude Include="Input\InitInput.h" />
    <ClInclude Include="Input\InitInputBackendComponent.h" />
    <ClInclude Include="Input\InitInputComponents.h" />
    <ClInclude Include="Input\InitInputSystems.h" />
  </ItemGroup>
</Project>