<?xml version="1.0" encoding="utf-8"?>
<Project ToolsVersion="4.0" xmlns="http://schemas.microsoft.com/developer/msbuild/2003">
  <ItemGroup>
    <ClCompile Include="main.cpp" />
    <ClCompile Include="Physics\CollisionSystem.cpp" />
    <ClCompile Include="Physics\MovementSystem.cpp" />
    <ClCompile Include="Input\InterpretWebSystems.cpp" />
    <ClCompile Include="gameAI\AIEcsFunctions.cpp">
      <Filter>AI</Filter>
    </ClCompile>
    <ClCompile Include="gameAI\GridEcsFunctions.cpp">
      <Filter>AI</Filter>
    </ClCompile>
    <ClCompile Include="gameUtility\UtilityEcsFunctions.cpp">
      <Filter>Utility</Filter>
    </ClCompile>
    <ClCompile Include="gameUtility\CameraEcsFunctions.cpp">
      <Filter>Camera</Filter>
    </ClCompile>
    <ClCompile Include="gameAudio\AudioECSSystems.cpp" />
    <ClCompile Include="Input\InitInputSystems.cpp" />
    <ClCompile Include="Physics\QuadTree.cpp">
      <Filter>QuadTree</Filter>
    </ClCompile>
  </ItemGroup>
  <ItemGroup>
    <ClCompile Include="main.cpp">
      <Filter>Source Files</Filter>
    </ClCompile>
  </ItemGroup>
  <ItemGroup>
    <ClInclude Include="gameAI\InitArmy.h" />
    <ClInclude Include="gameAI\InitGrid.h" />
    <ClInclude Include="gameRendering\InitMesh.h" />
    <ClInclude Include="gameRendering\PlaceMesh.h" />
    <ClInclude Include="gameUtility\DebugInfo.h" />
    <ClInclude Include="Input\InitInterpreter.h" />
    <ClInclude Include="Input\InterpretWebEvents.h" />
    <ClInclude Include="Input\InterpretWebSystems.h" />
    <ClInclude Include="Physics\CollisionSystem.h" />
    <ClInclude Include="Physics\MovementSystem.h" />
    <ClInclude Include="Physics\PhysicsComponents.h" />
    <ClInclude Include="Physics\PhysicsEvents.h" />
    <ClInclude Include="Input\InitInput.h" />
    <ClInclude Include="Input\InitInputBackendComponent.h" />
    <ClInclude Include="Input\InitInputComponents.h" />
    <ClInclude Include="Input\InitInputSystems.h" />
    <ClInclude Include="gameAI\AIComponents.h">
      <Filter>AI</Filter>
    </ClInclude>
    <ClInclude Include="gameAI\AIEvents.h">
      <Filter>AI</Filter>
    </ClInclude>
    <ClInclude Include="gameAI\AISystems.h">
      <Filter>AI</Filter>
    </ClInclude>
    <ClInclude Include="gameUtility\GlobalsCamera.h">
      <Filter>Camera</Filter>
    </ClInclude>
    <ClInclude Include="gameUtility\CameraSystems.h">
      <Filter>Camera</Filter>
    </ClInclude>
    <ClInclude Include="gameUtility\CameraEvents.h">
      <Filter>Camera</Filter>
    </ClInclude>
    <ClInclude Include="gameUtility\CameraComponents.h">
      <Filter>Camera</Filter>
    </ClInclude>
    <ClInclude Include="gameAI\AIEcsFunctions.h">
      <Filter>AI</Filter>
    </ClInclude>
    <ClInclude Include="gameAI\GridEcsFunctions.h">
      <Filter>AI</Filter>
    </ClInclude>
    <ClInclude Include="gameUtility\UtilitySystems.h">
      <Filter>Utility</Filter>
    </ClInclude>
    <ClInclude Include="gameUtility\UtilityComponents.h">
      <Filter>Utility</Filter>
    </ClInclude>
    <ClInclude Include="gameUtility\UtilityEvents.h">
      <Filter>Utility</Filter>
    </ClInclude>
    <ClInclude Include="gameUtility\UtilityEcsFunctions.h">
      <Filter>Utility</Filter>
    </ClInclude>
    <ClInclude Include="gameUtility\CameraEcsFunctions.h">
      <Filter>Camera</Filter>
    </ClInclude>
    <ClInclude Include="gameUtility\InitCamera.h">
      <Filter>Camera</Filter>
    </ClInclude>
    <ClInclude Include="Physics\QuadTree.h">
      <Filter>QuadTree</Filter>
    </ClInclude>
  </ItemGroup>
  <ItemGroup>
    <Filter Include="AI">
      <UniqueIdentifier>{65a8c983-0abb-4a12-ad33-78f1fc7d42a1}</UniqueIdentifier>
    </Filter>
    <Filter Include="Camera">
      <UniqueIdentifier>{5d3031d0-e8a2-43d1-8a52-a4c17bec5c9c}</UniqueIdentifier>
    </Filter>
    <Filter Include="Utility">
      <UniqueIdentifier>{fac0e431-ff16-4165-b6f3-ebcc4bbb4013}</UniqueIdentifier>
    </Filter>
    <ClInclude Include="gameSound\InitSound.h" />
    <ClInclude Include="gameSound\SoundECSEvents.h" />
    <ClInclude Include="gameSound\SoundECSSystems.h" />
    <ClInclude Include="gameSound\SoundGlobals.h" />
    <ClInclude Include="gameSceneObjects\SceneObjectComponents.h">
      <Filter>SceneObjects</Filter>
    </ClInclude>
    <ClInclude Include="gameSceneObjects\SceneObjectGlobals.h">
      <Filter>SceneObjects</Filter>
    </ClInclude>
    <ClInclude Include="gameSceneObjects\InitSceneObjectsh.h">
      <Filter>SceneObjects</Filter>
    </ClInclude>
    <ClInclude Include="gameSceneObjects\InitBiomes.h">
      <Filter>Biomes</Filter>
    </ClInclude>
  </ItemGroup>
  <ItemGroup>
    <Filter Include="SceneObjects">
      <UniqueIdentifier>{f9869bdd-eb32-41ae-94a1-28c0a5280104}</UniqueIdentifier>
    </Filter>
    <Filter Include="Biomes">
      <UniqueIdentifier>{f368533f-c702-46d5-8541-7f0346618310}</UniqueIdentifier>
    </Filter>
    <ClInclude Include="gameAudio\AudioECSEvents.h" />
    <ClInclude Include="gameAudio\AudioECSSystems.h" />
    <ClInclude Include="gameAudio\AudioGlobals.h" />
    <ClInclude Include="gameAudio\InitAudio.h" />
    <Filter Include="QuadTree">
      <UniqueIdentifier>{c2f1b431-1005-4d56-9006-6038545ef7cd}</UniqueIdentifier>
    </Filter>
  </ItemGroup>
</Project>