
Microsoft Visual Studio Solution File, Format Version 12.00
# Visual Studio Version 16
VisualStudioVersion = 16.0.29215.179
MinimumVisualStudioVersion = 10.0.40219.1
Project("{8BC9CEB8-8B4A-11D0-8D11-00A0C91BC942}") = "AI", "AI\AI.vcxproj", "{9858B16D-2233-4562-9CC9-DCF5F556B242}"
EndProject
Project("{8BC9CEB8-8B4A-11D0-8D11-00A0C91BC942}") = "AI_test", "AI_test\AI_test.vcxproj", "{E6372E14-AD5D-4D55-A100-5B7D75C38BFA}"
EndProject
Global
	GlobalSection(SolutionConfigurationPlatforms) = preSolution
		Debug|x64 = Debug|x64
		Lib_d|x64 = Lib_d|x64
		Lib|x64 = Lib|x64
		Release|x64 = Release|x64
	EndGlobalSection
	GlobalSection(ProjectConfigurationPlatforms) = postSolution
		{9858B16D-2233-4562-9CC9-DCF5F556B242}.Debug|x64.ActiveCfg = Debug|x64
		{9858B16D-2233-4562-9CC9-DCF5F556B242}.Debug|x64.Build.0 = Debug|x64
		{9858B16D-2233-4562-9CC9-DCF5F556B242}.Lib_d|x64.ActiveCfg = Lib_d|x64
		{9858B16D-2233-4562-9CC9-DCF5F556B242}.Lib_d|x64.Build.0 = Lib_d|x64
		{9858B16D-2233-4562-9CC9-DCF5F556B242}.Lib|x64.ActiveCfg = Lib|x64
		{9858B16D-2233-4562-9CC9-DCF5F556B242}.Lib|x64.Build.0 = Lib|x64
		{9858B16D-2233-4562-9CC9-DCF5F556B242}.Release|x64.ActiveCfg = Release|x64
		{9858B16D-2233-4562-9CC9-DCF5F556B242}.Release|x64.Build.0 = Release|x64
		{E6372E14-AD5D-4D55-A100-5B7D75C38BFA}.Debug|x64.ActiveCfg = Debug|x64
		{E6372E14-AD5D-4D55-A100-5B7D75C38BFA}.Debug|x64.Build.0 = Debug|x64
		{E6372E14-AD5D-4D55-A100-5B7D75C38BFA}.Lib_d|x64.ActiveCfg = Release|x64
		{E6372E14-AD5D-4D55-A100-5B7D75C38BFA}.Lib_d|x64.Build.0 = Release|x64
		{E6372E14-AD5D-4D55-A100-5B7D75C38BFA}.Lib|x64.ActiveCfg = Release|x64
		{E6372E14-AD5D-4D55-A100-5B7D75C38BFA}.Lib|x64.Build.0 = Release|x64
		{E6372E14-AD5D-4D55-A100-5B7D75C38BFA}.Release|x64.ActiveCfg = Release|x64
		{E6372E14-AD5D-4D55-A100-5B7D75C38BFA}.Release|x64.Build.0 = Release|x64
	EndGlobalSection
	GlobalSection(SolutionProperties) = preSolution
		HideSolutionNode = FALSE
	EndGlobalSection
	GlobalSection(ExtensibilityGlobals) = postSolution
		SolutionGuid = {B04D9E6E-8BAA-4C6D-9B7B-5C712CFAC47E}
	EndGlobalSection
EndGlobal
