<?xml version="1.0" encoding="utf-8"?>
<Project ToolsVersion="4.0" xmlns="http://schemas.microsoft.com/developer/msbuild/2003">
  <ItemGroup>
    <ClCompile Include="test.cpp" />
    <ClCompile Include="pch.cpp" />
    <ClCompile Include="..\Physics\BoundingVolume.cpp">
      <Filter>GameFiles\External</Filter>
    </ClCompile>
  </ItemGroup>
  <ItemGroup>
    <ClInclude Include="pch.h" />
    <ClInclude Include="BoundingVolumeTests.h" />
    <ClInclude Include="..\Physics\includes\BoundingVolume.h">
      <Filter>GameFiles\External</Filter>
    </ClInclude>
  </ItemGroup>
  <ItemGroup>
    <None Include="packages.config" />
  </ItemGroup>
  <ItemGroup>
    <Filter Include="GameFiles">
      <UniqueIdentifier>{670984f7-97ce-4fb9-9a88-264869c2c95d}</UniqueIdentifier>
    </Filter>
    <Filter Include="GameFiles\External">
      <UniqueIdentifier>{c4c09a77-6fcd-4ad0-ad66-783bee83ba38}</UniqueIdentifier>
    </Filter>
  </ItemGroup>
</Project>