<?xml version="1.0" encoding="utf-8"?>
<Project ToolsVersion="4.0" xmlns="http://schemas.microsoft.com/developer/msbuild/2003">
  <ItemGroup>
    <Filter Include="Source Files">
      <UniqueIdentifier>{4FC737F1-C7A5-4376-A066-2A32D752A2FF}</UniqueIdentifier>
      <Extensions>cpp;c;cc;cxx;def;odl;idl;hpj;bat;asm;asmx</Extensions>
    </Filter>
    <Filter Include="Header Files">
      <UniqueIdentifier>{93995380-89BD-4b04-88EB-625FBE52EBFB}</UniqueIdentifier>
      <Extensions>h;hh;hpp;hxx;hm;inl;inc;ipp;xsd</Extensions>
    </Filter>
    <Filter Include="Resource Files">
      <UniqueIdentifier>{67DA6AB6-F800-4c08-8B7A-83BB121AAD01}</UniqueIdentifier>
      <Extensions>rc;ico;cur;bmp;dlg;rc2;rct;bin;rgs;gif;jpg;jpeg;jpe;resx;tiff;tif;png;wav;mfcribbon-ms</Extensions>
    </Filter>
    <Filter Include="Header Files\Ragdoll">
      <UniqueIdentifier>{3c6a6f23-0741-4bad-9917-bf1de0fd2fb1}</UniqueIdentifier>
    </Filter>
    <Filter Include="Source Files\Ragdoll">
      <UniqueIdentifier>{88145f90-07af-43e6-827a-d4a820739430}</UniqueIdentifier>
    </Filter>
  </ItemGroup>
  <ItemGroup>
    <ClInclude Include="includes\PhysicsHelperFunctions.h">
      <Filter>Header Files</Filter>
    </ClInclude>
    <ClInclude Include="includes\CollisionFunctions.h">
      <Filter>Header Files</Filter>
    </ClInclude>
    <ClInclude Include="includes\MovementFunctions.h">
      <Filter>Header Files</Filter>
    </ClInclude>
    <ClInclude Include="includes\BoundingVolume.h">
      <Filter>Header Files</Filter>
    </ClInclude>
    <ClInclude Include="includes\BoundingSphere.h">
      <Filter>Header Files</Filter>
    </ClInclude>
    <ClInclude Include="includes\AABB.h">
      <Filter>Header Files</Filter>
    </ClInclude>
    <ClInclude Include="includes\OBB.h">
      <Filter>Header Files</Filter>
    </ClInclude>
    <ClInclude Include="includes\RagdollBoneState.h">
      <Filter>Header Files\Ragdoll</Filter>
    </ClInclude>
    <ClInclude Include="includes\RagdollBone.h">
      <Filter>Header Files\Ragdoll</Filter>
    </ClInclude>
    <ClInclude Include="includes\Ragdoll.h">
      <Filter>Header Files\Ragdoll</Filter>
    </ClInclude>
    <ClInclude Include="includes\CollisionObject.h">
      <Filter>Header Files\Ragdoll</Filter>
    </ClInclude>
    <ClInclude Include="includes\Collision.h">
      <Filter>Header Files\Ragdoll</Filter>
    </ClInclude>
  </ItemGroup>
  <ItemGroup>
    <ClCompile Include="PhysicsHelperFunctions.cpp">
      <Filter>Source Files</Filter>
    </ClCompile>
    <ClCompile Include="MovementFunctions.cpp">
      <Filter>Source Files</Filter>
    </ClCompile>
    <ClCompile Include="CollisionFunctions.cpp">
      <Filter>Source Files</Filter>
    </ClCompile>
    <ClCompile Include="BoundingVolume.cpp">
      <Filter>Source Files</Filter>
    </ClCompile>
    <ClCompile Include="BoundingSphere.cpp">
      <Filter>Source Files</Filter>
    </ClCompile>
    <ClCompile Include="AABB.cpp">
      <Filter>Source Files</Filter>
    </ClCompile>
    <ClCompile Include="OBB.cpp">
      <Filter>Source Files</Filter>
    </ClCompile>
    <ClCompile Include="Collision.cpp">
      <Filter>Source Files\Ragdoll</Filter>
    </ClCompile>
    <ClCompile Include="CollisionObject.cpp">
      <Filter>Source Files\Ragdoll</Filter>
    </ClCompile>
    <ClCompile Include="includes\Ragdoll.cpp">
      <Filter>Source Files</Filter>
    </ClCompile>
  </ItemGroup>
</Project>